{
	"_OFProjectGeneratorVersion": "ofGen v0.2.7",
	"archiveVersion": "1",
	"classes": {},
	"objectVersion": "54",
	"objects": {
		"039A07FE2D53EA3200B8B21C": {
			"explicitFileType": "wrapper.application",
			"includeInIndex": "0",
			"isa": "PBXFileReference",
			"path": "example-simpleDebug.app",
			"sourceTree": "BUILT_PRODUCTS_DIR"
		},
		"0B648DE5-194D-48E2-A5B2-5889ADB1DDC3": {
			"children": [
				"408BB277-971E-4DEA-A241-A89938289B51",
				"27838B07-CF46-4AAA-8953-79CB44F53940",
				"72178A3A-3F4C-46B9-9846-1B3632E5EB84",
				"6B0F9045-3E50-43A1-8311-0724965479AC",
				"C72CAEF2-3806-4E1A-A9CC-C80086D468A2",
				"E7E5A444-8B51-4280-A849-8588CE58D5F6",
				"E2F8AC0F-DE2A-45BB-BCD4-41F3A1C458D3",
				"F39730A7-DDF6-43E8-A85C-126F32949846",
				"FB7E82B8-70B4-4548-BCBE-D677616CE06F",
				"A26B3E82-ADDE-4DB5-870D-1323AC94F525",
				"6E75CD20-96D5-4214-A0D8-8C1B1DFEFD6C",
				"27908EDB-7897-4D57-86ED-1A77F7DCDED2"
			],
			"isa": "PBXGroup",
			"name": "isct",
			"path": "isct",
			"sourceTree": "<group>"
		},
		"10A9C3EE-C9E7-4E4F-8D5D-10FFFE6F7420": {
			"fileEncoding": "4",
			"isa": "PBXFileReference",
			"name": "files.cpp",
			"path": "files.cpp",
			"sourceTree": "<group>"
		},
		"1337E44B-F144-4975-ABBF-B50330B3D5EF": {
			"fileRef": "20D12C55-D381-4571-B332-5C614B49A79A",
			"isa": "PBXBuildFile"
		},
		"145F24AE-36CA-47F8-9124-AE51BD789D8D": {
			"fileEncoding": "4",
			"isa": "PBXFileReference",
			"name": "vec.h",
			"path": "vec.h",
			"sourceTree": "<group>"
		},
		"14C77048-9725-41E8-A700-E1DF67C0B247": {
			"children": [
				"7CEEF011-0EC1-4024-81EC-283931D70A75",
				"2FACB0B5-959D-45B1-93A4-C943C3317A5C"
			],
			"isa": "PBXGroup",
			"name": "include",
			"path": "include",
			"sourceTree": "<group>"
		},
		"191CD6FA2847E21E0085CBB6": {
			"fileEncoding": "4",
			"isa": "PBXFileReference",
			"lastKnownFileType": "text.plist.entitlements",
			"path": "of.entitlements",
			"sourceTree": "<group>"
		},
		"191EF70929D778A400F35F26": {
			"isa": "PBXFileReference",
			"lastKnownFileType": "folder",
			"name": "openFrameworks",
			"path": "../../../libs/openFrameworks",
			"sourceTree": "SOURCE_ROOT"
		},
		"19B789C429E5AB4A0082E9B8": {
			"alwaysOutOfDate": "1",
			"buildActionMask": "2147483647",
			"files": [],
			"inputFileListPaths": [],
			"inputPaths": [],
			"isa": "PBXShellScriptBuildPhase",
			"outputFileListPaths": [],
			"outputPaths": [],
			"runOnlyForDeploymentPostprocessing": "0",
			"shellPath": "/bin/sh",
			"shellScript": "\"$OF_PATH/scripts/macos/xcode_project.sh\"\n",
			"showEnvVarsInLog": "0"
		},
		"1A8E7C3B-4D62-4BA2-A668-E8C74198070B": {
			"fileEncoding": "4",
			"isa": "PBXFileReference",
			"name": "cork.cpp",
			"path": "cork.cpp",
			"sourceTree": "<group>"
		},
		"20D12C55-D381-4571-B332-5C614B49A79A": {
			"fileEncoding": "4",
			"isa": "PBXFileReference",
			"name": "main.cpp",
			"path": "main.cpp",
			"sourceTree": "<group>"
		},
		"27838B07-CF46-4AAA-8953-79CB44F53940": {
			"fileEncoding": "4",
			"isa": "PBXFileReference",
			"name": "quantization.cpp",
			"path": "quantization.cpp",
			"sourceTree": "<group>"
		},
		"27908EDB-7897-4D57-86ED-1A77F7DCDED2": {
			"fileEncoding": "4",
			"isa": "PBXFileReference",
			"name": "unsafeRayTriIsct.h",
			"path": "unsafeRayTriIsct.h",
			"sourceTree": "<group>"
		},
		"2A0813EC-0A66-41B5-9BB8-0AAD7B4E15A9": {
			"fileEncoding": "4",
			"isa": "PBXFileReference",
			"name": "mesh.isct.inl",
			"path": "mesh.isct.inl",
			"sourceTree": "<group>"
		},
		"2A28C4CD-823D-4363-85A1-2E798C1F88FC": {
			"children": [
				"20D12C55-D381-4571-B332-5C614B49A79A",
				"633333A5-DD43-434F-A607-5402F7B4092C",
				"C0E2B756-B76F-4380-A85E-A25ECB3C8370"
			],
			"isa": "PBXGroup",
			"name": "src",
			"path": "src",
			"sourceTree": "<group>"
		},
		"2F7D54EF-64CC-4A66-BFE9-19A56033D261": {
			"fileRef": "72178A3A-3F4C-46B9-9846-1B3632E5EB84",
			"isa": "PBXBuildFile"
		},
		"2FACB0B5-959D-45B1-93A4-C943C3317A5C": {
			"fileEncoding": "4",
			"isa": "PBXFileReference",
			"name": "gmpxx.h",
			"path": "gmpxx.h",
			"sourceTree": "<group>"
		},
		"369DC71E-DB5B-475C-A925-AE6868BC07A1": {
			"fileRef": "408BB277-971E-4DEA-A241-A89938289B51",
			"isa": "PBXBuildFile"
		},
		"3A252DBD-695A-433B-9FE8-F54340E018D4": {
			"fileEncoding": "4",
			"isa": "PBXFileReference",
			"name": "MeshWrapper.h",
			"path": "MeshWrapper.h",
			"sourceTree": "<group>"
		},
		"3AF57299-A86A-4DC5-852A-9D992D7055C6": {
			"fileEncoding": "4",
			"isa": "PBXFileReference",
			"name": "unionFind.h",
			"path": "unionFind.h",
			"sourceTree": "<group>"
		},
		"3B665EA0-B502-4985-B448-93361EBDEF07": {
			"fileEncoding": "4",
			"isa": "PBXFileReference",
			"name": "rawMesh.inl",
			"path": "rawMesh.inl",
			"sourceTree": "<group>"
		},
		"40681F20-1E8A-4873-91F5-66D87AE56894": {
			"fileEncoding": "4",
			"isa": "PBXFileReference",
			"name": "mesh.remesh.inl",
			"path": "mesh.remesh.inl",
			"sourceTree": "<group>"
		},
		"408BB277-971E-4DEA-A241-A89938289B51": {
			"fileEncoding": "4",
			"isa": "PBXFileReference",
			"name": "empty3d.cpp",
			"path": "empty3d.cpp",
			"sourceTree": "<group>"
		},
		"41622DEA-E6E8-48A0-9B51-667C9CEBD7EA": {
			"fileEncoding": "4",
			"isa": "PBXFileReference",
			"name": "mesh.decl.h",
			"path": "mesh.decl.h",
			"sourceTree": "<group>"
		},
		"482C37B7-35A0-491D-8075-356A171AC1B2": {
			"children": [
				"F1175765-2AA0-401E-A782-6D5FE1E82340",
				"E0105713-ABB5-4156-9A87-9B732F7B5F86"
			],
			"isa": "PBXGroup",
			"name": "ofxCorkCsg",
			"path": "ofxCorkCsg",
			"sourceTree": "<group>"
		},
		"4B2B8E99-FAD6-4B9D-AADF-80A9AA3FBFC7": {
			"fileEncoding": "4",
			"isa": "PBXFileReference",
			"name": "aabvh.h",
			"path": "aabvh.h",
			"sourceTree": "<group>"
		},
		"4D5C4C8F-BD9E-41B0-946F-223032891885": {
			"fileEncoding": "4",
			"isa": "PBXFileReference",
			"name": "off.cpp",
			"path": "off.cpp",
			"sourceTree": "<group>"
		},
		"4F236470-51BF-4CB8-BD98-C63050F27893": {
			"fileRef": "65F92720-D0CB-4A55-B259-288B4B7AFFB9",
			"isa": "PBXBuildFile"
		},
		"633333A5-DD43-434F-A607-5402F7B4092C": {
			"fileEncoding": "4",
			"isa": "PBXFileReference",
			"name": "ofApp.cpp",
			"path": "ofApp.cpp",
			"sourceTree": "<group>"
		},
		"6547261B-E201-46E2-A8FB-FEA5BC4AD743": {
			"fileRef": "10A9C3EE-C9E7-4E4F-8D5D-10FFFE6F7420",
			"isa": "PBXBuildFile"
		},
		"65F92720-D0CB-4A55-B259-288B4B7AFFB9": {
			"fileEncoding": "4",
			"isa": "PBXFileReference",
			"name": "MeshWrapper.cpp",
			"path": "MeshWrapper.cpp",
			"sourceTree": "<group>"
		},
		"6708805A-9910-40AA-A202-B0C681F0BB80": {
			"fileRef": "1A8E7C3B-4D62-4BA2-A668-E8C74198070B",
			"isa": "PBXBuildFile"
		},
		"69D97E31-6F39-4819-B4BF-4E342F14487B": {
			"fileEncoding": "4",
			"isa": "PBXFileReference",
			"name": "cork.h",
			"path": "cork.h",
			"sourceTree": "<group>"
		},
		"6B0F9045-3E50-43A1-8311-0724965479AC": {
			"fileEncoding": "4",
			"isa": "PBXFileReference",
			"name": "absext4.h",
			"path": "absext4.h",
			"sourceTree": "<group>"
		},
		"6DC851BB-B22B-4BF6-898E-DA61979FB753": {
			"fileEncoding": "4",
			"isa": "PBXFileReference",
			"name": "shortVec.h",
			"path": "shortVec.h",
			"sourceTree": "<group>"
		},
		"6E0D12CE-40F3-4C0C-B3EE-E726DCE21D46": {
			"fileEncoding": "4",
			"isa": "PBXFileReference",
			"name": "memPool.h",
			"path": "memPool.h",
			"sourceTree": "<group>"
		},
		"6E75CD20-96D5-4214-A0D8-8C1B1DFEFD6C": {
			"fileEncoding": "4",
			"isa": "PBXFileReference",
			"name": "triangle.h",
			"path": "triangle.h",
			"sourceTree": "<group>"
		},
		"6EC6D981-84B0-4E06-A969-3CF69D3A5FCB": {
			"fileEncoding": "4",
			"isa": "PBXFileReference",
			"name": "corkMesh.h",
			"path": "corkMesh.h",
			"sourceTree": "<group>"
		},
		"705195BC-92B7-401B-A76B-1051BFE65F50": {
			"children": [
				"B31FB72E-1F21-4B4C-8414-67593175C40B",
				"8A71816F-D2CA-46F6-8F07-795ABF58F069",
				"D1624C8E-DD5C-49E8-94A7-FA8B486166F6",
				"6E0D12CE-40F3-4C0C-B3EE-E726DCE21D46",
				"8BB63034-AEDA-4A61-BE80-F66DB186F95E",
				"6DC851BB-B22B-4BF6-898E-DA61979FB753",
				"3AF57299-A86A-4DC5-852A-9D992D7055C6"
			],
			"isa": "PBXGroup",
			"name": "util",
			"path": "util",
			"sourceTree": "<group>"
		},
		"72178A3A-3F4C-46B9-9846-1B3632E5EB84": {
			"fileEncoding": "4",
			"isa": "PBXFileReference",
			"name": "triangle.c",
			"path": "triangle.c",
			"sourceTree": "<group>"
		},
		"72841A6B-73E6-4797-BABF-11850D05BDD7": {
			"fileRef": "B31FB72E-1F21-4B4C-8414-67593175C40B",
			"isa": "PBXBuildFile"
		},
		"747B3343-6747-41EB-9CC1-ABB629AB1C4B": {
			"fileEncoding": "4",
			"isa": "PBXFileReference",
			"name": "rawMesh.h",
			"path": "rawMesh.h",
			"sourceTree": "<group>"
		},
		"76EE2347-8D35-4ADE-A91E-76FCE7E353F3": {
			"fileEncoding": "4",
			"isa": "PBXFileReference",
			"name": "ifs.cpp",
			"path": "ifs.cpp",
			"sourceTree": "<group>"
		},
		"7B17C9B4-F786-44B5-8516-9773A806F2A2": {
			"fileRef": "4D5C4C8F-BD9E-41B0-946F-223032891885",
			"isa": "PBXBuildFile"
		},
		"7CEEF011-0EC1-4024-81EC-283931D70A75": {
			"fileEncoding": "4",
			"isa": "PBXFileReference",
			"name": "gmp.h",
			"path": "gmp.h",
			"sourceTree": "<group>"
		},
		"7D8DE33F-FDF0-403E-A29C-0DF0FB8A2BD7": {
			"fileRef": "AB5FB721-B2AC-4155-B7EE-11D09740CE11",
			"isa": "PBXBuildFile"
		},
		"819AAB71-9D80-4D08-AFF2-2EEDCEF97D4F": {
			"fileRef": "76EE2347-8D35-4ADE-A91E-76FCE7E353F3",
			"isa": "PBXBuildFile"
		},
		"8922B126-BA35-40A7-AF4F-C296D8C994C2": {
			"children": [
				"1A8E7C3B-4D62-4BA2-A668-E8C74198070B",
				"CAD73BA4-BA76-4388-AA31-A81C3CA15DE1",
				"0B648DE5-194D-48E2-A5B2-5889ADB1DDC3",
				"705195BC-92B7-401B-A76B-1051BFE65F50",
				"C69E9E33-4FE0-46E8-A498-E6E4992E4B41",
				"69D97E31-6F39-4819-B4BF-4E342F14487B",
				"E51DD438-A450-495A-9917-8561C95264E0",
				"B6D0C96B-AB32-4098-B18C-CB9E8918A4B7",
				"C9715D46-465C-4E36-B0CC-69FC34A3B30C"
			],
			"isa": "PBXGroup",
			"name": "src",
			"path": "src",
			"sourceTree": "<group>"
		},
		"8A71816F-D2CA-46F6-8F07-795ABF58F069": {
			"fileEncoding": "4",
			"isa": "PBXFileReference",
			"name": "timer.cpp",
			"path": "timer.cpp",
			"sourceTree": "<group>"
		},
		"8BB63034-AEDA-4A61-BE80-F66DB186F95E": {
			"fileEncoding": "4",
			"isa": "PBXFileReference",
			"name": "prelude.h",
			"path": "prelude.h",
			"sourceTree": "<group>"
		},
		"949CC023-A5D3-4687-9926-B7BDA4D0F700": {
			"fileRef": "633333A5-DD43-434F-A607-5402F7B4092C",
			"isa": "PBXBuildFile"
		},
		"9AD66097-3C95-4C8A-8DB4-BDCF4FB10C3D": {
			"fileRef": "8A71816F-D2CA-46F6-8F07-795ABF58F069",
			"isa": "PBXBuildFile"
		},
		"9C161854-52AF-42D2-B758-1F627839C921": {
			"children": [
				"14C77048-9725-41E8-A700-E1DF67C0B247"
			],
			"isa": "PBXGroup",
			"name": "gmp",
			"path": "gmp",
			"sourceTree": "<group>"
		},
		"A23B9613-75DC-4FB7-987B-697986A38F23": {
			"fileEncoding": "4",
			"isa": "PBXFileReference",
			"name": "mesh.inl",
			"path": "mesh.inl",
			"sourceTree": "<group>"
		},
		"A26B3E82-ADDE-4DB5-870D-1323AC94F525": {
			"fileEncoding": "4",
			"isa": "PBXFileReference",
			"name": "quantization.h",
			"path": "quantization.h",
			"sourceTree": "<group>"
		},
		"A736DAB9-8FE8-4688-A307-D0E704433654": {
			"fileEncoding": "4",
			"isa": "PBXFileReference",
			"name": "ray.h",
			"path": "ray.h",
			"sourceTree": "<group>"
		},
		"AB5FB721-B2AC-4155-B7EE-11D09740CE11": {
			"fileEncoding": "4",
			"isa": "PBXFileReference",
			"name": "ofxCorkCsg.cpp",
			"path": "ofxCorkCsg.cpp",
			"sourceTree": "<group>"
		},
		"B31FB72E-1F21-4B4C-8414-67593175C40B": {
			"fileEncoding": "4",
			"isa": "PBXFileReference",
			"name": "log.cpp",
			"path": "log.cpp",
			"sourceTree": "<group>"
		},
		"B6D0C96B-AB32-4098-B18C-CB9E8918A4B7": {
			"children": [
				"6EC6D981-84B0-4E06-A969-3CF69D3A5FCB",
				"F09BAC18-6A52-4926-85B0-3F1448511F91",
				"41622DEA-E6E8-48A0-9B51-667C9CEBD7EA",
				"EF2CB51F-390A-4B79-9E1F-42E23877D16F",
				"A23B9613-75DC-4FB7-987B-697986A38F23",
				"2A0813EC-0A66-41B5-9BB8-0AAD7B4E15A9",
				"40681F20-1E8A-4873-91F5-66D87AE56894",
				"FECD379F-A717-4239-A67E-E08619A3E208"
			],
			"isa": "PBXGroup",
			"name": "mesh",
			"path": "mesh",
			"sourceTree": "<group>"
		},
		"BB4B014C10F69532006C3DED": {
			"children": [
				"482C37B7-35A0-491D-8075-356A171AC1B2"
			],
			"isa": "PBXGroup",
			"name": "addons",
			"path": "../../../addons",
			"sourceTree": "SOURCE_ROOT"
		},
		"BEB2CD34-3715-445F-A89C-68807E25FEAE": {
			"children": [
				"8922B126-BA35-40A7-AF4F-C296D8C994C2"
			],
			"isa": "PBXGroup",
			"name": "cork",
			"path": "cork",
			"sourceTree": "<group>"
		},
		"BF26640B2C634C16004360E2": {
			"alwaysOutOfDate": "1",
			"buildActionMask": "2147483647",
			"files": [],
			"inputFileListPaths": [],
			"inputPaths": [],
			"isa": "PBXShellScriptBuildPhase",
			"outputFileListPaths": [],
			"outputPaths": [],
			"runOnlyForDeploymentPostprocessing": "0",
			"shellPath": "/usr/bin/env bash",
			"shellScript": "",
			"showEnvVarsInLog": "0"
		},
		"C0E2B756-B76F-4380-A85E-A25ECB3C8370": {
			"fileEncoding": "4",
			"isa": "PBXFileReference",
			"name": "ofApp.h",
			"path": "ofApp.h",
			"sourceTree": "<group>"
		},
		"C69E9E33-4FE0-46E8-A498-E6E4992E4B41": {
			"children": [
				"4B2B8E99-FAD6-4B9D-AADF-80A9AA3FBFC7"
			],
			"isa": "PBXGroup",
			"name": "accel",
			"path": "accel",
			"sourceTree": "<group>"
		},
		"C72CAEF2-3806-4E1A-A9CC-C80086D468A2": {
			"fileEncoding": "4",
			"isa": "PBXFileReference",
			"name": "empty3d.h",
			"path": "empty3d.h",
			"sourceTree": "<group>"
		},
		"C9715D46-465C-4E36-B0CC-69FC34A3B30C": {
			"children": [
				"747B3343-6747-41EB-9CC1-ABB629AB1C4B",
				"3B665EA0-B502-4985-B448-93361EBDEF07"
			],
			"isa": "PBXGroup",
			"name": "rawmesh",
			"path": "rawmesh",
			"sourceTree": "<group>"
		},
		"CAD73BA4-BA76-4388-AA31-A81C3CA15DE1": {
			"children": [
				"10A9C3EE-C9E7-4E4F-8D5D-10FFFE6F7420",
				"76EE2347-8D35-4ADE-A91E-76FCE7E353F3",
				"4D5C4C8F-BD9E-41B0-946F-223032891885",
				"E375EDCC-9666-424F-BFE0-DD27B1C712E4"
			],
			"isa": "PBXGroup",
			"name": "file_formats",
			"path": "file_formats",
			"sourceTree": "<group>"
		},
		"CE13104F-6239-4C08-882A-DC76D74C02B4": {
			"fileEncoding": "4",
			"isa": "PBXFileReference",
			"name": "ofxCorkCsg.h",
			"path": "ofxCorkCsg.h",
			"sourceTree": "<group>"
		},
		"D1624C8E-DD5C-49E8-94A7-FA8B486166F6": {
			"fileEncoding": "4",
			"isa": "PBXFileReference",
			"name": "iterPool.h",
			"path": "iterPool.h",
			"sourceTree": "<group>"
		},
		"D7718BFF-B397-43DC-A85E-EE8BC3293CD8": {
			"fileEncoding": "4",
			"isa": "PBXFileReference",
			"name": "bbox.h",
			"path": "bbox.h",
			"sourceTree": "<group>"
		},
		"E0105713-ABB5-4156-9A87-9B732F7B5F86": {
			"children": [
				"65F92720-D0CB-4A55-B259-288B4B7AFFB9",
				"AB5FB721-B2AC-4155-B7EE-11D09740CE11",
				"3A252DBD-695A-433B-9FE8-F54340E018D4",
				"CE13104F-6239-4C08-882A-DC76D74C02B4"
			],
			"isa": "PBXGroup",
			"name": "src",
			"path": "src",
			"sourceTree": "<group>"
		},
		"E2F8AC0F-DE2A-45BB-BCD4-41F3A1C458D3": {
			"fileEncoding": "4",
			"isa": "PBXFileReference",
			"name": "fixext4.h",
			"path": "fixext4.h",
			"sourceTree": "<group>"
		},
		"E375EDCC-9666-424F-BFE0-DD27B1C712E4": {
			"fileEncoding": "4",
			"isa": "PBXFileReference",
			"name": "files.h",
			"path": "files.h",
			"sourceTree": "<group>"
		},
		"E42962A92163ECCD00A6A9E2": {
			"alwaysOutOfDate": "1",
			"buildActionMask": "2147483647",
			"files": [],
			"inputPaths": [],
			"isa": "PBXShellScriptBuildPhase",
			"name": "Run Script — Compile OF",
			"outputPaths": [],
			"runOnlyForDeploymentPostprocessing": "0",
			"shellPath": "/bin/sh",
			"shellScript": "$OF_CORE_BUILD_COMMAND\n",
			"showEnvVarsInLog": "0"
		},
		"E4A5B60F29BAAAE400C2D356": {
			"buildActionMask": "2147483647",
			"dstPath": "",
			"dstSubfolderSpec": "6",
			"files": [],
			"isa": "PBXCopyFilesBuildPhase",
			"runOnlyForDeploymentPostprocessing": "0"
		},
		"E4B69B4A0A3A1720003C02F2": {
			"children": [
				"191CD6FA2847E21E0085CBB6",
				"E4B6FCAD0C3E899E008CF71C",
				"E4EB6923138AFD0F00A09F29",
				"191EF70929D778A400F35F26",
				"BB4B014C10F69532006C3DED",
				"039A07FE2D53EA3200B8B21C",
				"2A28C4CD-823D-4363-85A1-2E798C1F88FC"
			],
			"isa": "PBXGroup",
			"sourceTree": "<group>"
		},
		"E4B69B4C0A3A1720003C02F2": {
			"attributes": {
				"BuildIndependentTargetsInParallel": "YES",
				"LastUpgradeCheck": "1620"
			},
			"buildConfigurationList": "E4B69B4D0A3A1720003C02F2",
			"compatibilityVersion": "Xcode 3.2",
			"developmentRegion": "en",
			"hasScannedForEncodings": "0",
			"isa": "PBXProject",
			"knownRegions": [
				"en",
				"Base"
			],
			"mainGroup": "E4B69B4A0A3A1720003C02F2",
			"productRefGroup": "E4B69B4A0A3A1720003C02F2",
			"projectDirPath": "",
			"projectRoot": "",
			"targets": [
				"E4B69B5A0A3A1756003C02F2"
			]
		},
		"E4B69B4D0A3A1720003C02F2": {
			"buildConfigurations": [
				"E4B69B4E0A3A1720003C02F2",
				"E4B69B4F0A3A1720003C02F2"
			],
			"defaultConfigurationIsVisible": "0",
			"defaultConfigurationName": "Release",
			"isa": "XCConfigurationList"
		},
		"E4B69B4E0A3A1720003C02F2": {
			"baseConfigurationReference": "E4EB6923138AFD0F00A09F29",
			"buildSettings": {
				"HEADER_SEARCH_PATHS": [
					"$(OF_CORE_HEADERS)",
					"src",
					"src",
					"../../../addons/ofxCorkCsg/libs/cork/src",
					"../../../addons/ofxCorkCsg/libs/cork/src/accel",
					"../../../addons/ofxCorkCsg/libs/cork/src/file_formats",
					"../../../addons/ofxCorkCsg/libs/cork/src/isct",
					"../../../addons/ofxCorkCsg/libs/cork/src/math",
					"../../../addons/ofxCorkCsg/libs/cork/src/mesh",
					"../../../addons/ofxCorkCsg/libs/cork/src/rawmesh",
					"../../../addons/ofxCorkCsg/libs/cork/src/util",
					"../../../addons/ofxCorkCsg/libs/gmp/include",
					"../../../addons/ofxCorkCsg/libs/gmp/lib/osx",
					"../../../addons/ofxCorkCsg/src"
				],
				"OTHER_LDFLAGS": [
					"$(OF_CORE_LIBS)",
					"$(OF_CORE_FRAMEWORKS)",
					"../../../addons/ofxCorkCsg/libs/gmp/lib/osx/libgmp.a",
					"../../../addons/ofxCorkCsg/libs/gmp/lib/osx/libgmpxx.a"
				]
			},
			"isa": "XCBuildConfiguration",
			"name": "Debug"
		},
		"E4B69B4F0A3A1720003C02F2": {
			"baseConfigurationReference": "E4EB6923138AFD0F00A09F29",
			"buildSettings": {
				"HEADER_SEARCH_PATHS": [
					"$(OF_CORE_HEADERS)",
					"src",
					"src",
					"../../../addons/ofxCorkCsg/libs/cork/src",
					"../../../addons/ofxCorkCsg/libs/cork/src/accel",
					"../../../addons/ofxCorkCsg/libs/cork/src/file_formats",
					"../../../addons/ofxCorkCsg/libs/cork/src/isct",
					"../../../addons/ofxCorkCsg/libs/cork/src/math",
					"../../../addons/ofxCorkCsg/libs/cork/src/mesh",
					"../../../addons/ofxCorkCsg/libs/cork/src/rawmesh",
					"../../../addons/ofxCorkCsg/libs/cork/src/util",
					"../../../addons/ofxCorkCsg/libs/gmp/include",
					"../../../addons/ofxCorkCsg/libs/gmp/lib/osx",
					"../../../addons/ofxCorkCsg/src"
				],
				"OTHER_LDFLAGS": [
					"$(OF_CORE_LIBS)",
					"$(OF_CORE_FRAMEWORKS)",
					"../../../addons/ofxCorkCsg/libs/gmp/lib/osx/libgmp.a",
					"../../../addons/ofxCorkCsg/libs/gmp/lib/osx/libgmpxx.a"
				]
			},
			"isa": "XCBuildConfiguration",
			"name": "Release"
		},
		"E4B69B580A3A1756003C02F2": {
			"buildActionMask": "2147483647",
			"files": [
				"1337E44B-F144-4975-ABBF-B50330B3D5EF",
				"949CC023-A5D3-4687-9926-B7BDA4D0F700",
				"6708805A-9910-40AA-A202-B0C681F0BB80",
				"6547261B-E201-46E2-A8FB-FEA5BC4AD743",
				"819AAB71-9D80-4D08-AFF2-2EEDCEF97D4F",
				"7B17C9B4-F786-44B5-8516-9773A806F2A2",
				"369DC71E-DB5B-475C-A925-AE6868BC07A1",
				"F5F26AEB-BC82-4C62-9106-F1DDF7E52407",
				"2F7D54EF-64CC-4A66-BFE9-19A56033D261",
				"72841A6B-73E6-4797-BABF-11850D05BDD7",
				"9AD66097-3C95-4C8A-8DB4-BDCF4FB10C3D",
				"4F236470-51BF-4CB8-BD98-C63050F27893",
				"7D8DE33F-FDF0-403E-A29C-0DF0FB8A2BD7"
			],
			"isa": "PBXSourcesBuildPhase",
			"runOnlyForDeploymentPostprocessing": "0"
		},
		"E4B69B590A3A1756003C02F2": {
			"buildActionMask": "2147483647",
			"files": [],
			"isa": "PBXFrameworksBuildPhase",
			"runOnlyForDeploymentPostprocessing": "0"
		},
		"E4B69B5A0A3A1756003C02F2": {
			"buildConfigurationList": "E4B69B5F0A3A1757003C02F2",
			"buildPhases": [
				"BF26640B2C634C16004360E2",
				"E42962A92163ECCD00A6A9E2",
				"E4B69B580A3A1756003C02F2",
				"E4B69B590A3A1756003C02F2",
				"E4C2427710CC5ABF004149E2",
				"E4A5B60F29BAAAE400C2D356",
				"19B789C429E5AB4A0082E9B8"
			],
			"buildRules": [],
			"dependencies": [],
			"isa": "PBXNativeTarget",
			"name": "example-simple",
			"productName": "myOFApp",
			"productReference": "039A07FE2D53EA3200B8B21C",
			"productType": "com.apple.product-type.application"
		},
		"E4B69B5F0A3A1757003C02F2": {
			"buildConfigurations": [
				"E4B69B600A3A1757003C02F2",
				"E4B69B610A3A1757003C02F2"
			],
			"defaultConfigurationIsVisible": "0",
			"defaultConfigurationName": "Release",
			"isa": "XCConfigurationList"
		},
		"E4B69B600A3A1757003C02F2": {
			"baseConfigurationReference": "E4EB6923138AFD0F00A09F29",
			"buildSettings": {
				"ENABLE_HARDENED_RUNTIME": "YES",
				"HEADER_SEARCH_PATHS": [
					"$(OF_CORE_HEADERS)",
					"src",
					"src",
					"../../../addons/ofxCorkCsg/libs/cork/src",
					"../../../addons/ofxCorkCsg/libs/cork/src/accel",
					"../../../addons/ofxCorkCsg/libs/cork/src/file_formats",
					"../../../addons/ofxCorkCsg/libs/cork/src/isct",
					"../../../addons/ofxCorkCsg/libs/cork/src/math",
					"../../../addons/ofxCorkCsg/libs/cork/src/mesh",
					"../../../addons/ofxCorkCsg/libs/cork/src/rawmesh",
					"../../../addons/ofxCorkCsg/libs/cork/src/util",
					"../../../addons/ofxCorkCsg/libs/gmp/include",
					"../../../addons/ofxCorkCsg/libs/gmp/lib/osx",
					"../../../addons/ofxCorkCsg/src"
				],
				"OTHER_LDFLAGS": [
					"$(OF_CORE_LIBS)",
					"$(OF_CORE_FRAMEWORKS)",
					"../../../addons/ofxCorkCsg/libs/gmp/lib/osx/libgmp.a",
					"../../../addons/ofxCorkCsg/libs/gmp/lib/osx/libgmpxx.a"
				]
			},
			"isa": "XCBuildConfiguration",
			"name": "Debug"
		},
		"E4B69B610A3A1757003C02F2": {
			"baseConfigurationReference": "E4EB6923138AFD0F00A09F29",
			"buildSettings": {
				"ENABLE_HARDENED_RUNTIME": "YES",
				"HEADER_SEARCH_PATHS": [
					"$(OF_CORE_HEADERS)",
					"src",
					"src",
					"../../../addons/ofxCorkCsg/libs/cork/src",
					"../../../addons/ofxCorkCsg/libs/cork/src/accel",
					"../../../addons/ofxCorkCsg/libs/cork/src/file_formats",
					"../../../addons/ofxCorkCsg/libs/cork/src/isct",
					"../../../addons/ofxCorkCsg/libs/cork/src/math",
					"../../../addons/ofxCorkCsg/libs/cork/src/mesh",
					"../../../addons/ofxCorkCsg/libs/cork/src/rawmesh",
					"../../../addons/ofxCorkCsg/libs/cork/src/util",
					"../../../addons/ofxCorkCsg/libs/gmp/include",
					"../../../addons/ofxCorkCsg/libs/gmp/lib/osx",
					"../../../addons/ofxCorkCsg/src"
				],
				"OTHER_LDFLAGS": [
					"$(OF_CORE_LIBS)",
					"$(OF_CORE_FRAMEWORKS)",
					"../../../addons/ofxCorkCsg/libs/gmp/lib/osx/libgmp.a",
					"../../../addons/ofxCorkCsg/libs/gmp/lib/osx/libgmpxx.a"
				]
			},
			"isa": "XCBuildConfiguration",
			"name": "Release"
		},
		"E4B6FCAD0C3E899E008CF71C": {
			"fileEncoding": "4",
			"isa": "PBXFileReference",
			"lastKnownFileType": "text.plist.xml",
			"path": "openFrameworks-Info.plist",
			"sourceTree": "<group>"
		},
		"E4C2427710CC5ABF004149E2": {
			"buildActionMask": "2147483647",
			"dstPath": "",
			"dstSubfolderSpec": "10",
			"files": [],
			"isa": "PBXCopyFilesBuildPhase",
			"runOnlyForDeploymentPostprocessing": "0"
		},
		"E4EB6923138AFD0F00A09F29": {
			"fileEncoding": "4",
			"isa": "PBXFileReference",
			"lastKnownFileType": "text.xcconfig",
			"path": "Project.xcconfig",
			"sourceTree": "<group>"
		},
		"E51DD438-A450-495A-9917-8561C95264E0": {
			"children": [
				"D7718BFF-B397-43DC-A85E-EE8BC3293CD8",
				"A736DAB9-8FE8-4688-A307-D0E704433654",
				"145F24AE-36CA-47F8-9124-AE51BD789D8D"
			],
			"isa": "PBXGroup",
			"name": "math",
			"path": "math",
			"sourceTree": "<group>"
		},
		"E7E5A444-8B51-4280-A849-8588CE58D5F6": {
			"fileEncoding": "4",
			"isa": "PBXFileReference",
			"name": "ext4.h",
			"path": "ext4.h",
			"sourceTree": "<group>"
		},
		"EF2CB51F-390A-4B79-9E1F-42E23877D16F": {
			"fileEncoding": "4",
			"isa": "PBXFileReference",
			"name": "mesh.h",
			"path": "mesh.h",
			"sourceTree": "<group>"
		},
		"F09BAC18-6A52-4926-85B0-3F1448511F91": {
			"fileEncoding": "4",
			"isa": "PBXFileReference",
			"name": "mesh.bool.inl",
			"path": "mesh.bool.inl",
			"sourceTree": "<group>"
		},
		"F1175765-2AA0-401E-A782-6D5FE1E82340": {
			"children": [
				"BEB2CD34-3715-445F-A89C-68807E25FEAE",
				"9C161854-52AF-42D2-B758-1F627839C921"
			],
			"isa": "PBXGroup",
			"name": "libs",
			"path": "libs",
			"sourceTree": "<group>"
		},
		"F39730A7-DDF6-43E8-A85C-126F32949846": {
			"fileEncoding": "4",
			"isa": "PBXFileReference",
			"name": "fixint.h",
			"path": "fixint.h",
			"sourceTree": "<group>"
		},
		"F5F26AEB-BC82-4C62-9106-F1DDF7E52407": {
			"fileRef": "27838B07-CF46-4AAA-8953-79CB44F53940",
			"isa": "PBXBuildFile"
		},
		"FB7E82B8-70B4-4548-BCBE-D677616CE06F": {
			"fileEncoding": "4",
			"isa": "PBXFileReference",
			"name": "gmpext4.h",
			"path": "gmpext4.h",
			"sourceTree": "<group>"
		},
		"FECD379F-A717-4239-A67E-E08619A3E208": {
			"fileEncoding": "4",
			"isa": "PBXFileReference",
			"name": "mesh.topoCache.inl",
			"path": "mesh.topoCache.inl",
			"sourceTree": "<group>"
		}
	},
	"rootObject": "E4B69B4C0A3A1720003C02F2"
}