{
	"_OFProjectGeneratorVersion": "ofGen v0.2.7",
	"archiveVersion": "1",
	"classes": {},
	"objectVersion": "54",
	"objects": {
		"039A07FE2D53EA3200B8B21C": {
			"explicitFileType": "wrapper.application",
			"includeInIndex": "0",
			"isa": "PBXFileReference",
			"path": "example-simpleDebug.app",
			"sourceTree": "BUILT_PRODUCTS_DIR"
		},
		"08867564-D465-4295-8C06-F0C0F8777CC4": {
			"children": [
				"2388AD26-300E-4811-9FC1-EBC8C0B4ECAC",
				"2387ADAE-12F4-4670-BC7D-BE853D3934CD",
				"F0C1352A-3B51-4DC3-A3D4-2DBEA318CEA9"
			],
			"isa": "PBXGroup",
			"name": "src",
			"path": "src",
			"sourceTree": "<group>"
		},
		"0901D6D3-C8EB-4391-87B8-1CF4458151B7": {
			"fileEncoding": "4",
			"isa": "PBXFileReference",
			"name": "gmp.h",
			"path": "gmp.h",
			"sourceTree": "<group>"
		},
		"09A9C1F4-3A9C-4C6E-AC6F-DC568DB171ED": {
			"fileRef": "2388AD26-300E-4811-9FC1-EBC8C0B4ECAC",
			"isa": "PBXBuildFile"
		},
		"191CD6FA2847E21E0085CBB6": {
			"fileEncoding": "4",
			"isa": "PBXFileReference",
			"lastKnownFileType": "text.plist.entitlements",
			"path": "of.entitlements",
			"sourceTree": "<group>"
		},
		"191EF70929D778A400F35F26": {
			"isa": "PBXFileReference",
			"lastKnownFileType": "folder",
			"name": "openFrameworks",
			"path": "../../../libs/openFrameworks",
			"sourceTree": "SOURCE_ROOT"
		},
		"1949315F-8511-447F-B84A-B64E86276FED": {
			"fileRef": "2387ADAE-12F4-4670-BC7D-BE853D3934CD",
			"isa": "PBXBuildFile"
		},
		"19B789C429E5AB4A0082E9B8": {
			"alwaysOutOfDate": "1",
			"buildActionMask": "2147483647",
			"files": [],
			"inputFileListPaths": [],
			"inputPaths": [],
			"isa": "PBXShellScriptBuildPhase",
			"outputFileListPaths": [],
			"outputPaths": [],
			"runOnlyForDeploymentPostprocessing": "0",
			"shellPath": "/bin/sh",
			"shellScript": "\"$OF_PATH/scripts/macos/xcode_project.sh\"\n",
			"showEnvVarsInLog": "0"
		},
		"1BACCF89-680D-405D-A8C2-4BE3CCF9973E": {
			"fileEncoding": "4",
			"isa": "PBXFileReference",
			"name": "ofxCorkCsg.h",
			"path": "ofxCorkCsg.h",
			"sourceTree": "<group>"
		},
		"2387ADAE-12F4-4670-BC7D-BE853D3934CD": {
			"fileEncoding": "4",
			"isa": "PBXFileReference",
			"name": "ofApp.cpp",
			"path": "ofApp.cpp",
			"sourceTree": "<group>"
		},
		"2388AD26-300E-4811-9FC1-EBC8C0B4ECAC": {
			"fileEncoding": "4",
			"isa": "PBXFileReference",
			"name": "main.cpp",
			"path": "main.cpp",
			"sourceTree": "<group>"
		},
		"3F59BFCE-A11B-48A6-9899-49A4683D8E2C": {
			"children": [
				"8AFD189C-3BD7-40B0-BB63-9736D2F9741A"
			],
			"isa": "PBXGroup",
			"name": "cork",
			"path": "cork",
			"sourceTree": "<group>"
		},
		"4D75167D-7704-41E0-BA36-CAAB7E2458F4": {
			"children": [
				"3F59BFCE-A11B-48A6-9899-49A4683D8E2C",
				"EB326732-D065-4A0B-AFE2-CC2E3E7C6EC5"
			],
			"isa": "PBXGroup",
			"name": "libs",
			"path": "libs",
			"sourceTree": "<group>"
		},
		"590B525E-73BE-44D4-8326-940147DE9F20": {
			"fileEncoding": "4",
			"isa": "PBXFileReference",
			"name": "MeshWrapper.cpp",
			"path": "MeshWrapper.cpp",
			"sourceTree": "<group>"
		},
		"6514D6C4-FBFB-4095-BCAA-4A4C04B6F8D5": {
			"fileEncoding": "4",
			"isa": "PBXFileReference",
			"name": "ofxCorkCsg.cpp",
			"path": "ofxCorkCsg.cpp",
			"sourceTree": "<group>"
		},
		"657917BC-CC68-4E1F-8997-BDBA80456376": {
			"fileEncoding": "4",
			"isa": "PBXFileReference",
			"name": "gmpxx.h",
			"path": "gmpxx.h",
			"sourceTree": "<group>"
		},
		"899323F7-FDBF-4CA1-BAF8-08F0C85FA629": {
			"fileEncoding": "4",
			"isa": "PBXFileReference",
			"name": "MeshWrapper.h",
			"path": "MeshWrapper.h",
			"sourceTree": "<group>"
		},
		"8AFD189C-3BD7-40B0-BB63-9736D2F9741A": {
			"children": [
				"A39B9819-133B-4F56-AFB6-1FE9EA39E4EC"
			],
			"isa": "PBXGroup",
			"name": "include",
			"path": "include",
			"sourceTree": "<group>"
		},
		"9F5EB838-6421-407A-AC2A-7C272D4723B4": {
			"fileRef": "6514D6C4-FBFB-4095-BCAA-4A4C04B6F8D5",
			"isa": "PBXBuildFile"
		},
		"A39B9819-133B-4F56-AFB6-1FE9EA39E4EC": {
			"fileEncoding": "4",
			"isa": "PBXFileReference",
			"name": "cork.h",
			"path": "cork.h",
			"sourceTree": "<group>"
		},
		"AC48450C-CB5C-423E-BA27-BF4B389130DD": {
			"fileRef": "590B525E-73BE-44D4-8326-940147DE9F20",
			"isa": "PBXBuildFile"
		},
		"BB4B014C10F69532006C3DED": {
			"children": [
				"E4029001-35D4-4C0A-9C1C-1FBFD7E9D629"
			],
			"isa": "PBXGroup",
			"name": "addons",
			"path": "../../../addons",
			"sourceTree": "SOURCE_ROOT"
		},
		"BBE2369C-57A8-4E23-BFE9-C1FD1675E248": {
			"children": [
				"590B525E-73BE-44D4-8326-940147DE9F20",
				"6514D6C4-FBFB-4095-BCAA-4A4C04B6F8D5",
				"899323F7-FDBF-4CA1-BAF8-08F0C85FA629",
				"1BACCF89-680D-405D-A8C2-4BE3CCF9973E"
			],
			"isa": "PBXGroup",
			"name": "src",
			"path": "src",
			"sourceTree": "<group>"
		},
		"BF26640B2C634C16004360E2": {
			"alwaysOutOfDate": "1",
			"buildActionMask": "2147483647",
			"files": [],
			"inputFileListPaths": [],
			"inputPaths": [],
			"isa": "PBXShellScriptBuildPhase",
			"outputFileListPaths": [],
			"outputPaths": [],
			"runOnlyForDeploymentPostprocessing": "0",
			"shellPath": "/usr/bin/env bash",
			"shellScript": "",
			"showEnvVarsInLog": "0"
		},
		"D165BA6A-47D6-4217-8564-54B846EEDD02": {
			"children": [
				"0901D6D3-C8EB-4391-87B8-1CF4458151B7",
				"657917BC-CC68-4E1F-8997-BDBA80456376"
			],
			"isa": "PBXGroup",
			"name": "include",
			"path": "include",
			"sourceTree": "<group>"
		},
		"E4029001-35D4-4C0A-9C1C-1FBFD7E9D629": {
			"children": [
				"BBE2369C-57A8-4E23-BFE9-C1FD1675E248",
				"4D75167D-7704-41E0-BA36-CAAB7E2458F4"
			],
			"isa": "PBXGroup",
			"name": "ofxCorkCsg",
			"path": "ofxCorkCsg",
			"sourceTree": "<group>"
		},
		"E42962A92163ECCD00A6A9E2": {
			"alwaysOutOfDate": "1",
			"buildActionMask": "2147483647",
			"files": [],
			"inputPaths": [],
			"isa": "PBXShellScriptBuildPhase",
			"name": "Run Script — Compile OF",
			"outputPaths": [],
			"runOnlyForDeploymentPostprocessing": "0",
			"shellPath": "/bin/sh",
			"shellScript": "$OF_CORE_BUILD_COMMAND\n",
			"showEnvVarsInLog": "0"
		},
		"E4A5B60F29BAAAE400C2D356": {
			"buildActionMask": "2147483647",
			"dstPath": "",
			"dstSubfolderSpec": "6",
			"files": [],
			"isa": "PBXCopyFilesBuildPhase",
			"runOnlyForDeploymentPostprocessing": "0"
		},
		"E4B69B4A0A3A1720003C02F2": {
			"children": [
				"191CD6FA2847E21E0085CBB6",
				"E4B6FCAD0C3E899E008CF71C",
				"E4EB6923138AFD0F00A09F29",
				"191EF70929D778A400F35F26",
				"BB4B014C10F69532006C3DED",
				"039A07FE2D53EA3200B8B21C",
				"08867564-D465-4295-8C06-F0C0F8777CC4"
			],
			"isa": "PBXGroup",
			"sourceTree": "<group>"
		},
		"E4B69B4C0A3A1720003C02F2": {
			"attributes": {
				"BuildIndependentTargetsInParallel": "YES",
				"LastUpgradeCheck": "1620"
			},
			"buildConfigurationList": "E4B69B4D0A3A1720003C02F2",
			"compatibilityVersion": "Xcode 3.2",
			"developmentRegion": "en",
			"hasScannedForEncodings": "0",
			"isa": "PBXProject",
			"knownRegions": [
				"en",
				"Base"
			],
			"mainGroup": "E4B69B4A0A3A1720003C02F2",
			"productRefGroup": "E4B69B4A0A3A1720003C02F2",
			"projectDirPath": "",
			"projectRoot": "",
			"targets": [
				"E4B69B5A0A3A1756003C02F2"
			]
		},
		"E4B69B4D0A3A1720003C02F2": {
			"buildConfigurations": [
				"E4B69B4E0A3A1720003C02F2",
				"E4B69B4F0A3A1720003C02F2"
			],
			"defaultConfigurationIsVisible": "0",
			"defaultConfigurationName": "Release",
			"isa": "XCConfigurationList"
		},
		"E4B69B4E0A3A1720003C02F2": {
			"baseConfigurationReference": "E4EB6923138AFD0F00A09F29",
			"buildSettings": {
				"HEADER_SEARCH_PATHS": [
					"$(OF_CORE_HEADERS)",
					"src",
					"src",
					"../../../addons/ofxCorkCsg/libs/cork/include",
					"../../../addons/ofxCorkCsg/libs/cork/lib/osx",
					"../../../addons/ofxCorkCsg/libs/gmp/include",
					"../../../addons/ofxCorkCsg/libs/gmp/lib/osx",
					"../../../addons/ofxCorkCsg/src"
				],
				"OTHER_LDFLAGS": [
					"$(OF_CORE_LIBS)",
					"$(OF_CORE_FRAMEWORKS)",
					"../../../addons/ofxCorkCsg/libs/cork/lib/osx/libcork.a",
					"../../../addons/ofxCorkCsg/libs/gmp/lib/osx/libgmp.a",
					"../../../addons/ofxCorkCsg/libs/gmp/lib/osx/libgmpxx.a"
				]
			},
			"isa": "XCBuildConfiguration",
			"name": "Debug"
		},
		"E4B69B4F0A3A1720003C02F2": {
			"baseConfigurationReference": "E4EB6923138AFD0F00A09F29",
			"buildSettings": {
				"HEADER_SEARCH_PATHS": [
					"$(OF_CORE_HEADERS)",
					"src",
					"src",
					"../../../addons/ofxCorkCsg/libs/cork/include",
					"../../../addons/ofxCorkCsg/libs/cork/lib/osx",
					"../../../addons/ofxCorkCsg/libs/gmp/include",
					"../../../addons/ofxCorkCsg/libs/gmp/lib/osx",
					"../../../addons/ofxCorkCsg/src"
				],
				"OTHER_LDFLAGS": [
					"$(OF_CORE_LIBS)",
					"$(OF_CORE_FRAMEWORKS)",
					"../../../addons/ofxCorkCsg/libs/cork/lib/osx/libcork.a",
					"../../../addons/ofxCorkCsg/libs/gmp/lib/osx/libgmp.a",
					"../../../addons/ofxCorkCsg/libs/gmp/lib/osx/libgmpxx.a"
				]
			},
			"isa": "XCBuildConfiguration",
			"name": "Release"
		},
		"E4B69B580A3A1756003C02F2": {
			"buildActionMask": "2147483647",
			"files": [
				"09A9C1F4-3A9C-4C6E-AC6F-DC568DB171ED",
				"1949315F-8511-447F-B84A-B64E86276FED",
				"AC48450C-CB5C-423E-BA27-BF4B389130DD",
				"9F5EB838-6421-407A-AC2A-7C272D4723B4"
			],
			"isa": "PBXSourcesBuildPhase",
			"runOnlyForDeploymentPostprocessing": "0"
		},
		"E4B69B590A3A1756003C02F2": {
			"buildActionMask": "2147483647",
			"files": [],
			"isa": "PBXFrameworksBuildPhase",
			"runOnlyForDeploymentPostprocessing": "0"
		},
		"E4B69B5A0A3A1756003C02F2": {
			"buildConfigurationList": "E4B69B5F0A3A1757003C02F2",
			"buildPhases": [
				"BF26640B2C634C16004360E2",
				"E42962A92163ECCD00A6A9E2",
				"E4B69B580A3A1756003C02F2",
				"E4B69B590A3A1756003C02F2",
				"E4C2427710CC5ABF004149E2",
				"E4A5B60F29BAAAE400C2D356",
				"19B789C429E5AB4A0082E9B8"
			],
			"buildRules": [],
			"dependencies": [],
			"isa": "PBXNativeTarget",
			"name": "example-simple",
			"productName": "myOFApp",
			"productReference": "039A07FE2D53EA3200B8B21C",
			"productType": "com.apple.product-type.application"
		},
		"E4B69B5F0A3A1757003C02F2": {
			"buildConfigurations": [
				"E4B69B600A3A1757003C02F2",
				"E4B69B610A3A1757003C02F2"
			],
			"defaultConfigurationIsVisible": "0",
			"defaultConfigurationName": "Release",
			"isa": "XCConfigurationList"
		},
		"E4B69B600A3A1757003C02F2": {
			"baseConfigurationReference": "E4EB6923138AFD0F00A09F29",
			"buildSettings": {
				"ENABLE_HARDENED_RUNTIME": "YES",
				"HEADER_SEARCH_PATHS": [
					"$(OF_CORE_HEADERS)",
					"src",
					"src",
					"../../../addons/ofxCorkCsg/libs/cork/include",
					"../../../addons/ofxCorkCsg/libs/cork/lib/osx",
					"../../../addons/ofxCorkCsg/libs/gmp/include",
					"../../../addons/ofxCorkCsg/libs/gmp/lib/osx",
					"../../../addons/ofxCorkCsg/src"
				],
				"OTHER_LDFLAGS": [
					"$(OF_CORE_LIBS)",
					"$(OF_CORE_FRAMEWORKS)",
					"../../../addons/ofxCorkCsg/libs/cork/lib/osx/libcork.a",
					"../../../addons/ofxCorkCsg/libs/gmp/lib/osx/libgmp.a",
					"../../../addons/ofxCorkCsg/libs/gmp/lib/osx/libgmpxx.a"
				]
			},
			"isa": "XCBuildConfiguration",
			"name": "Debug"
		},
		"E4B69B610A3A1757003C02F2": {
			"baseConfigurationReference": "E4EB6923138AFD0F00A09F29",
			"buildSettings": {
				"ENABLE_HARDENED_RUNTIME": "YES",
				"HEADER_SEARCH_PATHS": [
					"$(OF_CORE_HEADERS)",
					"src",
					"src",
					"../../../addons/ofxCorkCsg/libs/cork/include",
					"../../../addons/ofxCorkCsg/libs/cork/lib/osx",
					"../../../addons/ofxCorkCsg/libs/gmp/include",
					"../../../addons/ofxCorkCsg/libs/gmp/lib/osx",
					"../../../addons/ofxCorkCsg/src"
				],
				"OTHER_LDFLAGS": [
					"$(OF_CORE_LIBS)",
					"$(OF_CORE_FRAMEWORKS)",
					"../../../addons/ofxCorkCsg/libs/cork/lib/osx/libcork.a",
					"../../../addons/ofxCorkCsg/libs/gmp/lib/osx/libgmp.a",
					"../../../addons/ofxCorkCsg/libs/gmp/lib/osx/libgmpxx.a"
				]
			},
			"isa": "XCBuildConfiguration",
			"name": "Release"
		},
		"E4B6FCAD0C3E899E008CF71C": {
			"fileEncoding": "4",
			"isa": "PBXFileReference",
			"lastKnownFileType": "text.plist.xml",
			"path": "openFrameworks-Info.plist",
			"sourceTree": "<group>"
		},
		"E4C2427710CC5ABF004149E2": {
			"buildActionMask": "2147483647",
			"dstPath": "",
			"dstSubfolderSpec": "10",
			"files": [],
			"isa": "PBXCopyFilesBuildPhase",
			"runOnlyForDeploymentPostprocessing": "0"
		},
		"E4EB6923138AFD0F00A09F29": {
			"fileEncoding": "4",
			"isa": "PBXFileReference",
			"lastKnownFileType": "text.xcconfig",
			"path": "Project.xcconfig",
			"sourceTree": "<group>"
		},
		"EB326732-D065-4A0B-AFE2-CC2E3E7C6EC5": {
			"children": [
				"D165BA6A-47D6-4217-8564-54B846EEDD02"
			],
			"isa": "PBXGroup",
			"name": "gmp",
			"path": "gmp",
			"sourceTree": "<group>"
		},
		"F0C1352A-3B51-4DC3-A3D4-2DBEA318CEA9": {
			"fileEncoding": "4",
			"isa": "PBXFileReference",
			"name": "ofApp.h",
			"path": "ofApp.h",
			"sourceTree": "<group>"
		}
	},
	"rootObject": "E4B69B4C0A3A1720003C02F2"
}